
Microsoft Visual Studio Solution File, Format Version 12.00
# Visual Studio Version 16
VisualStudioVersion = 16.0.30105.148
MinimumVisualStudioVersion = 10.0.40219.1
Project("{FAE04EC0-301F-11D3-BF4B-00C04F79EFBC}") = "SignalrClient", "SignalrClient\SignalrClient.csproj", "{CEEEA52F-1098-4B63-9AD8-5C3BFAD3DE5B}"
EndProject
Project("{9A19103F-16F7-4668-BE54-9A1E7A4F7556}") = "SignalrServer", "SignalrServer\SignalrServer.csproj", "{76B08274-D6BA-44AE-8046-8A07FDB08D47}"
EndProject
Global
	GlobalSection(SolutionConfigurationPlatforms) = preSolution
		Debug|Any CPU = Debug|Any CPU
		Release|Any CPU = Release|Any CPU
	EndGlobalSection
	GlobalSection(ProjectConfigurationPlatforms) = postSolution
		{CEEEA52F-1098-4B63-9AD8-5C3BFAD3DE5B}.Debug|Any CPU.ActiveCfg = Debug|Any CPU
		{CEEEA52F-1098-4B63-9AD8-5C3BFAD3DE5B}.Debug|Any CPU.Build.0 = Debug|Any CPU
		{CEEEA52F-1098-4B63-9AD8-5C3BFAD3DE5B}.Release|Any CPU.ActiveCfg = Release|Any CPU
		{CEEEA52F-1098-4B63-9AD8-5C3BFAD3DE5B}.Release|Any CPU.Build.0 = Release|Any CPU
		{76B08274-D6BA-44AE-8046-8A07FDB08D47}.Debug|Any CPU.ActiveCfg = Debug|Any CPU
		{76B08274-D6BA-44AE-8046-8A07FDB08D47}.Debug|Any CPU.Build.0 = Debug|Any CPU
		{76B08274-D6BA-44AE-8046-8A07FDB08D47}.Release|Any CPU.ActiveCfg = Release|Any CPU
		{76B08274-D6BA-44AE-8046-8A07FDB08D47}.Release|Any CPU.Build.0 = Release|Any CPU
	EndGlobalSection
	GlobalSection(SolutionProperties) = preSolution
		HideSolutionNode = FALSE
	EndGlobalSection
	GlobalSection(ExtensibilityGlobals) = postSolution
		SolutionGuid = {A3A9634E-B691-483A-97DB-0F96A9679CC3}
	EndGlobalSection
EndGlobal
